aind-data-schema==2.9.0
aind-data-schema-models==6.2.0
aind-ophys-utils==0.2.0
aind-pophys-metadata @ git+https://github.com/AllenNeuralDynamics/aind-pophys-metadata.git@adac8ebee57f895bb2d30b69cde01dd41afbce10
aind-qcportal-schema==0.6.4
annotated-types==0.8.0
boto3==1.43.71
botocore==1.43.71
cellpose==2.2.3
certifi==2023.7.22
charset-normalizer==3.2.0
contourpy==1.3.2
cycler==0.12.1
fastremap==1.20.0
filelock==3.32.3
fonttools==4.63.0
fsspec==2026.7.0
h5py==3.16.0
idna==3.4
imagecodecs==2025.3.30
imageio==2.37.4
imageio-ffmpeg==0.6.0
importlib-metadata==6.8.0
importlib-resources==6.0.0
jax==0.6.2
jaxlib==0.6.2
jinja2==3.1.2
jmespath==1.1.0
joblib==1.5.3
kiwisolver==1.5.0
lazy-loader==0.5
llvmlite==0.49.0
log-schema[cloudwatch] @ git+https://github.com/AllenNeuralDynamics/aind-log-utils.git@f09685e8b6f4228d0dd37e867b52de0286fffccb#subdirectory=python
markupsafe==2.1.3
matplotlib==3.10.9
ml-dtypes==0.5.4
mpmath==1.3.0
natsort==8.4.0
networkx==3.4.2
numba==0.67.0
numpy==1.26.4
opencv-python-headless==4.11.0.86
opt-einsum==3.4.0
packaging==23.1
pandas==2.3.3
patsy==1.0.2
pillow==12.3.0
pydantic==2.11.10
pydantic-core==2.33.2
pydantic-extra-types==2.11.1
pydantic-settings==2.15.0
pyparsing==3.3.2
python-dateutil==2.8.2
python-dotenv==1.2.2
python-json-logger==4.1.0
pytz==2023.3
pyyaml==6.0.3
rastermap==1.0
requests==2.31.0
roifile==2025.12.12
s3transfer==0.19.2
scanimage-tiff-reader==1.4.1.4
scikit-image==0.25.2
scikit-learn==1.7.2
scipy==1.15.3
setuptools==84.0.0
six==1.16.0
statsmodels==0.14.6
suite2p==0.14.3
sympy==1.14.0
threadpoolctl==3.6.0
tifffile==2025.5.10
torch @ https://download-r2.pytorch.org/whl/cpu/torch-2.13.0%2Bcpu-cp310-cp310-manylinux_2_28_x86_64.whl#sha256=f5cbb61180a9793d9e12fe115a2310d2600bd449dfb9a01ec5640e21359fa5ea
tqdm==4.65.0
types-pyyaml==6.0.12.20260724
typing-extensions==4.16.0
typing-inspection==0.4.4
tzdata==2026.3
urllib3==2.0.3
watchtower==3.4.0
zipp==3.16.2
