aind-data-access-api[docdb]==1.10.0
aind-data-schema==2.9.0
aind-data-schema-models==6.2.0
aind-metadata-upgrader==0.17.12
annotated-types==0.8.0
bcrypt==5.0.0
boto3==1.43.90
botocore==1.43.90
certifi==2026.7.22
cffi==2.1.1
charset-normalizer==3.5.1
cryptography==50.0.1
dnspython==2.8.0
idna==3.19
importlib-resources==7.1.0
invoke==3.0.3
jmespath==1.1.0
packaging==26.3
paramiko==5.0.0
pycparser==3.0
pydantic==2.11.10
pydantic-core==2.33.2
pydantic-extra-types==2.11.1
pydantic-settings==2.15.0
pymongo==4.3.3
pynacl==1.6.2
python-dateutil==2.9.0.post0
python-dotenv==1.2.3
requests==2.34.2
s3transfer==0.19.2
six==1.17.0
sshtunnel==0.4.0
typing-extensions==4.16.0
typing-inspection==0.4.4
tzdata==2026.3
tzlocal==5.4.4
urllib3==2.7.0
